
Microsoft Visual Studio Solution File, Format Version 12.00
# Visual Studio 15
VisualStudioVersion = 15.0.27428.2037
MinimumVisualStudioVersion = 10.0.40219.1
Project("{9A19103F-16F7-4668-BE54-9A1E7A4F7556}") = "NgProjectTrackerBEST", "NgProjectTrackerBEST.csproj", "{32A359D6-3C16-446A-8B7C-ACA6529E4BCC}"
EndProject
Global
	GlobalSection(SolutionConfigurationPlatforms) = preSolution
		Debug|Any CPU = Debug|Any CPU
		Release|Any CPU = Release|Any CPU
	EndGlobalSection
	GlobalSection(ProjectConfigurationPlatforms) = postSolution
		{32A359D6-3C16-446A-8B7C-ACA6529E4BCC}.Debug|Any CPU.ActiveCfg = Debug|Any CPU
		{32A359D6-3C16-446A-8B7C-ACA6529E4BCC}.Debug|Any CPU.Build.0 = Debug|Any CPU
		{32A359D6-3C16-446A-8B7C-ACA6529E4BCC}.Release|Any CPU.ActiveCfg = Release|Any CPU
		{32A359D6-3C16-446A-8B7C-ACA6529E4BCC}.Release|Any CPU.Build.0 = Release|Any CPU
	EndGlobalSection
	GlobalSection(SolutionProperties) = preSolution
		HideSolutionNode = FALSE
	EndGlobalSection
	GlobalSection(ExtensibilityGlobals) = postSolution
		SolutionGuid = {1DD8AAA9-75C7-4E28-AC71-843324D1F193}
	EndGlobalSection
EndGlobal
